
Microsoft Visual Studio Solution File, Format Version 12.00
# Visual Studio Version 17
VisualStudioVersion = 17.0.31912.275
MinimumVisualStudioVersion = 10.0.40219.1
Project("{FAE04EC0-301F-11D3-BF4B-00C04F79EFBC}") = "Car_Rental_System", "Car_Rental_System.csproj", "{106BC448-BAA2-4ED9-A7BD-1101DEDBBDBC}"
EndProject
Global
	GlobalSection(SolutionConfigurationPlatforms) = preSolution
		Debug|Any CPU = Debug|Any CPU
		Release|Any CPU = Release|Any CPU
	EndGlobalSection
	GlobalSection(ProjectConfigurationPlatforms) = postSolution
		{106BC448-BAA2-4ED9-A7BD-1101DEDBBDBC}.Debug|Any CPU.ActiveCfg = Debug|Any CPU
		{106BC448-BAA2-4ED9-A7BD-1101DEDBBDBC}.Debug|Any CPU.Build.0 = Debug|Any CPU
		{106BC448-BAA2-4ED9-A7BD-1101DEDBBDBC}.Release|Any CPU.ActiveCfg = Release|Any CPU
		{106BC448-BAA2-4ED9-A7BD-1101DEDBBDBC}.Release|Any CPU.Build.0 = Release|Any CPU
	EndGlobalSection
	GlobalSection(SolutionProperties) = preSolution
		HideSolutionNode = FALSE
	EndGlobalSection
	GlobalSection(ExtensibilityGlobals) = postSolution
		SolutionGuid = {E5D0EBA9-35F3-470C-B4E9-10E4B52A9E17}
	EndGlobalSection
EndGlobal
